// !$*UTF8*$!
{
	archiveVersion = 1;
	classes = {
	};
	objectVersion = 56;
	objects = {

/* Begin PBXBuildFile section */
		3982CAB12A3B1E5B00852C21 /* AppDelegate.m in Sources */ = {isa = PBXBuildFile; fileRef = 3982CAB02A3B1E5B00852C21 /* AppDelegate.m */; };
		3982CAB42A3B1E5B00852C21 /* SceneDelegate.m in Sources */ = {isa = PBXBuildFile; fileRef = 3982CAB32A3B1E5B00852C21 /* SceneDelegate.m */; };
		3982CAB72A3B1E5B00852C21 /* ViewController.m in Sources */ = {isa = PBXBuildFile; fileRef = 3982CAB62A3B1E5B00852C21 /* ViewController.m */; };
		3982CABA2A3B1E5B00852C21 /* Main.storyboard in Resources */ = {isa = PBXBuildFile; fileRef = 3982CAB82A3B1E5B00852C21 /* Main.storyboard */; };
		3982CABC2A3B1E5C00852C21 /* Assets.xcassets in Resources */ = {isa = PBXBuildFile; fileRef = 3982CABB2A3B1E5C00852C21 /* Assets.xcassets */; };
		3982CABF2A3B1E5C00852C21 /* LaunchScreen.storyboard in Resources */ = {isa = PBXBuildFile; fileRef = 3982CABD2A3B1E5C00852C21 /* LaunchScreen.storyboard */; };
		3982CAC22A3B1E5C00852C21 /* main.m in Sources */ = {isa = PBXBuildFile; fileRef = 3982CAC12A3B1E5C00852C21 /* main.m */; };
/* End PBXBuildFile section */

/* Begin PBXFileReference section */
		3982CAAC2A3B1E5B00852C21 /* HWDecoderTest.app */ = {isa = PBXFileReference; explicitFileType = wrapper.application; includeInIndex = 0; path = HWDecoderTest.app; sourceTree = BUILT_PRODUCTS_DIR; };
		3982CAAF2A3B1E5B00852C21 /* AppDelegate.h */ = {isa = PBXFileReference; lastKnownFileType = sourcecode.c.h; path = AppDelegate.h; sourceTree = "<group>"; };
		3982CAB02A3B1E5B00852C21 /* AppDelegate.m */ = {isa = PBXFileReference; lastKnownFileType = sourcecode.c.objc; path = AppDelegate.m; sourceTree = "<group>"; };
		3982CAB22A3B1E5B00852C21 /* SceneDelegate.h */ = {isa = PBXFileReference; lastKnownFileType = sourcecode.c.h; path = SceneDelegate.h; sourceTree = "<group>"; };
		3982CAB32A3B1E5B00852C21 /* SceneDelegate.m */ = {isa = PBXFileReference; lastKnownFileType = sourcecode.c.objc; path = SceneDelegate.m; sourceTree = "<group>"; };
		3982CAB52A3B1E5B00852C21 /* ViewController.h */ = {isa = PBXFileReference; lastKnownFileType = sourcecode.c.h; path = ViewController.h; sourceTree = "<group>"; };
		3982CAB62A3B1E5B00852C21 /* ViewController.m */ = {isa = PBXFileReference; lastKnownFileType = sourcecode.c.objc; path = ViewController.m; sourceTree = "<group>"; };
		3982CAB92A3B1E5B00852C21 /* Base */ = {isa = PBXFileReference; lastKnownFileType = file.storyboard; name = Base; path = Base.lproj/Main.storyboard; sourceTree = "<group>"; };
		3982CABB2A3B1E5C00852C21 /* Assets.xcassets */ = {isa = PBXFileReference; lastKnownFileType = folder.assetcatalog; path = Assets.xcassets; sourceTree = "<group>"; };
		3982CABE2A3B1E5C00852C21 /* Base */ = {isa = PBXFileReference; lastKnownFileType = file.storyboard; name = Base; path = Base.lproj/LaunchScreen.storyboard; sourceTree = "<group>"; };
		3982CAC02A3B1E5C00852C21 /* Info.plist */ = {isa = PBXFileReference; lastKnownFileType = text.plist.xml; path = Info.plist; sourceTree = "<group>"; };
		3982CAC12A3B1E5C00852C21 /* main.m */ = {isa = PBXFileReference; lastKnownFileType = sourcecode.c.objc; path = main.m; sourceTree = "<group>"; };
/* End PBXFileReference section */

/* Begin PBXFrameworksBuildPhase section */
		3982CAA92A3B1E5B00852C21 /* Frameworks */ = {
			isa = PBXFrameworksBuildPhase;
			buildActionMask = 2147483647;
			files = (
			);
			runOnlyForDeploymentPostprocessing = 0;
		};
/* End PBXFrameworksBuildPhase section */

/* Begin PBXGroup section */
		3982CAA32A3B1E5B00852C21 = {
			isa = PBXGroup;
			children = (
				3982CAAE2A3B1E5B00852C21 /* HWDecoderTest */,
				3982CAAD2A3B1E5B00852C21 /* Products */,
			);
			sourceTree = "<group>";
		};
		3982CAAD2A3B1E5B00852C21 /* Products */ = {
			isa = PBXGroup;
			children = (
				3982CAAC2A3B1E5B00852C21 /* HWDecoderTest.app */,
			);
			name = Products;
			sourceTree = "<group>";
		};
		3982CAAE2A3B1E5B00852C21 /* HWDecoderTest */ = {
			isa = PBXGroup;
			children = (
				3982CAAF2A3B1E5B00852C21 /* AppDelegate.h */,
				3982CAB02A3B1E5B00852C21 /* AppDelegate.m */,
				3982CAB22A3B1E5B00852C21 /* SceneDelegate.h */,
				3982CAB32A3B1E5B00852C21 /* SceneDelegate.m */,
				3982CAB52A3B1E5B00852C21 /* ViewController.h */,
				3982CAB62A3B1E5B00852C21 /* ViewController.m */,
				3982CAB82A3B1E5B00852C21 /* Main.storyboard */,
				3982CABB2A3B1E5C00852C21 /* Assets.xcassets */,
				3982CABD2A3B1E5C00852C21 /* LaunchScreen.storyboard */,
				3982CAC02A3B1E5C00852C21 /* Info.plist */,
				3982CAC12A3B1E5C00852C21 /* main.m */,
			);
			path = HWDecoderTest;
			sourceTree = "<group>";
		};
/* End PBXGroup section */

/* Begin PBXNativeTarget section */
		3982CAAB2A3B1E5B00852C21 /* HWDecoderTest */ = {
			isa = PBXNativeTarget;
			buildConfigurationList = 3982CAC52A3B1E5C00852C21 /* Build configuration list for PBXNativeTarget "HWDecoderTest" */;
			buildPhases = (
				3982CAA82A3B1E5B00852C21 /* Sources */,
				3982CAA92A3B1E5B00852C21 /* Frameworks */,
				3982CAAA2A3B1E5B00852C21 /* Resources */,
			);
			buildRules = (
			);
			dependencies = (
			);
			name = HWDecoderTest;
			productName = HWDecoderTest;
			productReference = 3982CAAC2A3B1E5B00852C21 /* HWDecoderTest.app */;
			productType = "com.apple.product-type.application";
		};
/* End PBXNativeTarget section */

/* Begin PBXProject section */
		3982CAA42A3B1E5B00852C21 /* Project object */ = {
			isa = PBXProject;
			attributes = {
				BuildIndependentTargetsInParallel = 1;
				LastUpgradeCheck = 1430;
				TargetAttributes = {
					3982CAAB2A3B1E5B00852C21 = {
						CreatedOnToolsVersion = 14.3.1;
					};
				};
			};
			buildConfigurationList = 3982CAA72A3B1E5B00852C21 /* Build configuration list for PBXProject "HWDecoderTest" */;
			compatibilityVersion = "Xcode 14.0";
			developmentRegion = en;
			hasScannedForEncodings = 0;
			knownRegions = (
				en,
				Base,
			);
			mainGroup = 3982CAA32A3B1E5B00852C21;
			productRefGroup = 3982CAAD2A3B1E5B00852C21 /* Products */;
			projectDirPath = "";
			projectRoot = "";
			targets = (
				3982CAAB2A3B1E5B00852C21 /* HWDecoderTest */,
			);
		};
/* End PBXProject section */

/* Begin PBXResourcesBuildPhase section */
		3982CAAA2A3B1E5B00852C21 /* Resources */ = {
			isa = PBXResourcesBuildPhase;
			buildActionMask = 2147483647;
			files = (
				3982CABF2A3B1E5C00852C21 /* LaunchScreen.storyboard in Resources */,
				3982CABC2A3B1E5C00852C21 /* Assets.xcassets in Resources */,
				3982CABA2A3B1E5B00852C21 /* Main.storyboard in Resources */,
			);
			runOnlyForDeploymentPostprocessing = 0;
		};
/* End PBXResourcesBuildPhase section */

/* Begin PBXSourcesBuildPhase section */
		3982CAA82A3B1E5B00852C21 /* Sources */ = {
			isa = PBXSourcesBuildPhase;
			buildActionMask = 2147483647;
			files = (
				3982CAB72A3B1E5B00852C21 /* ViewController.m in Sources */,
				3982CAB12A3B1E5B00852C21 /* AppDelegate.m in Sources */,
				3982CAC22A3B1E5C00852C21 /* main.m in Sources */,
				3982CAB42A3B1E5B00852C21 /* SceneDelegate.m in Sources */,
			);
			runOnlyForDeploymentPostprocessing = 0;
		};
/* End PBXSourcesBuildPhase section */

/* Begin PBXVariantGroup section */
		3982CAB82A3B1E5B00852C21 /* Main.storyboard */ = {
			isa = PBXVariantGroup;
			children = (
				3982CAB92A3B1E5B00852C21 /* Base */,
			);
			name = Main.storyboard;
			sourceTree = "<group>";
		};
		3982CABD2A3B1E5C00852C21 /* LaunchScreen.storyboard */ = {
			isa = PBXVariantGroup;
			children = (
				3982CABE2A3B1E5C00852C21 /* Base */,
			);
			name = LaunchScreen.storyboard;
			sourceTree = "<group>";
		};
/* End PBXVariantGroup section */

/* Begin XCBuildConfiguration section */
		3982CAC32A3B1E5C00852C21 /* Debug */ = {
			isa = XCBuildConfiguration;
			buildSettings = {
				ALWAYS_SEARCH_USER_PATHS = NO;
				CLANG_ANALYZER_NONNULL = YES;
				CLANG_ANALYZER_NUMBER_OBJECT_CONVERSION = YES_AGGRESSIVE;
				CLANG_CXX_LANGUAGE_STANDARD = "gnu++20";
				CLANG_ENABLE_MODULES = YES;
				CLANG_ENABLE_OBJC_ARC = YES;
				CLANG_ENABLE_OBJC_WEAK = YES;
				CLANG_WARN_BLOCK_CAPTURE_AUTORELEASING = YES;
				CLANG_WARN_BOOL_CONVERSION = YES;
				CLANG_WARN_COMMA = YES;
				CLANG_WARN_CONSTANT_CONVERSION = YES;
				CLANG_WARN_DEPRECATED_OBJC_IMPLEMENTATIONS = YES;
				CLANG_WARN_DIRECT_OBJC_ISA_USAGE = YES_ERROR;
				CLANG_WARN_DOCUMENTATION_COMMENTS = YES;
				CLANG_WARN_EMPTY_BODY = YES;
				CLANG_WARN_ENUM_CONVERSION = YES;
				CLANG_WARN_INFINITE_RECURSION = YES;
				CLANG_WARN_INT_CONVERSION = YES;
				CLANG_WARN_NON_LITERAL_NULL_CONVERSION = YES;
				CLANG_WARN_OBJC_IMPLICIT_RETAIN_SELF = YES;
				CLANG_WARN_OBJC_LITERAL_CONVERSION = YES;
				CLANG_WARN_OBJC_ROOT_CLASS = YES_ERROR;
				CLANG_WARN_QUOTED_INCLUDE_IN_FRAMEWORK_HEADER = YES;
				CLANG_WARN_RANGE_LOOP_ANALYSIS = YES;
				CLANG_WARN_STRICT_PROTOTYPES = YES;
				CLANG_WARN_SUSPICIOUS_MOVE = YES;
				CLANG_WARN_UNGUARDED_AVAILABILITY = YES_AGGRESSIVE;
				CLANG_WARN_UNREACHABLE_CODE = YES;
				CLANG_WARN__DUPLICATE_METHOD_MATCH = YES;
				COPY_PHASE_STRIP = NO;
				DEBUG_INFORMATION_FORMAT = dwarf;
				ENABLE_STRICT_OBJC_MSGSEND = YES;
				ENABLE_TESTABILITY = YES;
				GCC_C_LANGUAGE_STANDARD = gnu11;
				GCC_DYNAMIC_NO_PIC = NO;
				GCC_NO_COMMON_BLOCKS = YES;
				GCC_OPTIMIZATION_LEVEL = 0;
				GCC_PREPROCESSOR_DEFINITIONS = (
					"DEBUG=1",
					"$(inherited)",
				);
				GCC_WARN_64_TO_32_BIT_CONVERSION = YES;
				GCC_WARN_ABOUT_RETURN_TYPE = YES_ERROR;
				GCC_WARN_UNDECLARED_SELECTOR = YES;
				GCC_WARN_UNINITIALIZED_AUTOS = YES_AGGRESSIVE;
				GCC_WARN_UNUSED_FUNCTION = YES;
				GCC_WARN_UNUSED_VARIABLE = YES;
				IPHONEOS_DEPLOYMENT_TARGET = 16.4;
				MTL_ENABLE_DEBUG_INFO = INCLUDE_SOURCE;
				MTL_FAST_MATH = YES;
				ONLY_ACTIVE_ARCH = YES;
				SDKROOT = iphoneos;
			};
			name = Debug;
		};
		3982CAC42A3B1E5C00852C21 /* Release */ = {
			isa = XCBuildConfiguration;
			buildSettings = {
				ALWAYS_SEARCH_USER_PATHS = NO;
				CLANG_ANALYZER_NONNULL = YES;
				CLANG_ANALYZER_NUMBER_OBJECT_CONVERSION = YES_AGGRESSIVE;
				CLANG_CXX_LANGUAGE_STANDARD = "gnu++20";
				CLANG_ENABLE_MODULES = YES;
				CLANG_ENABLE_OBJC_ARC = YES;
				CLANG_ENABLE_OBJC_WEAK = YES;
				CLANG_WARN_BLOCK_CAPTURE_AUTORELEASING = YES;
				CLANG_WARN_BOOL_CONVERSION = YES;
				CLANG_WARN_COMMA = YES;
				CLANG_WARN_CONSTANT_CONVERSION = YES;
				CLANG_WARN_DEPRECATED_OBJC_IMPLEMENTATIONS = YES;
				CLANG_WARN_DIRECT_OBJC_ISA_USAGE = YES_ERROR;
				CLANG_WARN_DOCUMENTATION_COMMENTS = YES;
				CLANG_WARN_EMPTY_BODY = YES;
				CLANG_WARN_ENUM_CONVERSION = YES;
				CLANG_WARN_INFINITE_RECURSION = YES;
				CLANG_WARN_INT_CONVERSION = YES;
				CLANG_WARN_NON_LITERAL_NULL_CONVERSION = YES;
				CLANG_WARN_OBJC_IMPLICIT_RETAIN_SELF = YES;
				CLANG_WARN_OBJC_LITERAL_CONVERSION = YES;
				CLANG_WARN_OBJC_ROOT_CLASS = YES_ERROR;
				CLANG_WARN_QUOTED_INCLUDE_IN_FRAMEWORK_HEADER = YES;
				CLANG_WARN_RANGE_LOOP_ANALYSIS = YES;
				CLANG_WARN_STRICT_PROTOTYPES = YES;
				CLANG_WARN_SUSPICIOUS_MOVE = YES;
				CLANG_WARN_UNGUARDED_AVAILABILITY = YES_AGGRESSIVE;
				CLANG_WARN_UNREACHABLE_CODE = YES;
				CLANG_WARN__DUPLICATE_METHOD_MATCH = YES;
				COPY_PHASE_STRIP = NO;
				DEBUG_INFORMATION_FORMAT = "dwarf-with-dsym";
				ENABLE_NS_ASSERTIONS = NO;
				ENABLE_STRICT_OBJC_MSGSEND = YES;
				GCC_C_LANGUAGE_STANDARD = gnu11;
				GCC_NO_COMMON_BLOCKS = YES;
				GCC_WARN_64_TO_32_BIT_CONVERSION = YES;
				GCC_WARN_ABOUT_RETURN_TYPE = YES_ERROR;
				GCC_WARN_UNDECLARED_SELECTOR = YES;
				GCC_WARN_UNINITIALIZED_AUTOS = YES_AGGRESSIVE;
				GCC_WARN_UNUSED_FUNCTION = YES;
				GCC_WARN_UNUSED_VARIABLE = YES;
				IPHONEOS_DEPLOYMENT_TARGET = 16.4;
				MTL_ENABLE_DEBUG_INFO = NO;
				MTL_FAST_MATH = YES;
				SDKROOT = iphoneos;
				VALIDATE_PRODUCT = YES;
			};
			name = Release;
		};
		3982CAC62A3B1E5C00852C21 /* Debug */ = {
			isa = XCBuildConfiguration;
			buildSettings = {
				ASSETCATALOG_COMPILER_APPICON_NAME = AppIcon;
				ASSETCATALOG_COMPILER_GLOBAL_ACCENT_COLOR_NAME = AccentColor;
				CODE_SIGN_STYLE = Automatic;
				CURRENT_PROJECT_VERSION = 1;
				DEVELOPMENT_TEAM = U2MLQ7B528;
				GENERATE_INFOPLIST_FILE = YES;
				INFOPLIST_FILE = HWDecoderTest/Info.plist;
				INFOPLIST_KEY_UIApplicationSupportsIndirectInputEvents = YES;
				INFOPLIST_KEY_UILaunchStoryboardName = LaunchScreen;
				INFOPLIST_KEY_UIMainStoryboardFile = Main;
				INFOPLIST_KEY_UISupportedInterfaceOrientations_iPad = "UIInterfaceOrientationPortrait UIInterfaceOrientationPortraitUpsideDown UIInterfaceOrientationLandscapeLeft UIInterfaceOrientationLandscapeRight";
				INFOPLIST_KEY_UISupportedInterfaceOrientations_iPhone = "UIInterfaceOrientationPortrait UIInterfaceOrientationLandscapeLeft UIInterfaceOrientationLandscapeRight";
				LD_RUNPATH_SEARCH_PATHS = (
					"$(inherited)",
					"@executable_path/Frameworks",
				);
				MARKETING_VERSION = 1.0;
				PRODUCT_BUNDLE_IDENTIFIER = my.local.abhijeet.hwdecodertest.HWDecoderTest;
				PRODUCT_NAME = "$(TARGET_NAME)";
				SWIFT_EMIT_LOC_STRINGS = YES;
				TARGETED_DEVICE_FAMILY = "1,2";
			};
			name = Debug;
		};
		3982CAC72A3B1E5C00852C21 /* Release */ = {
			isa = XCBuildConfiguration;
			buildSettings = {
				ASSETCATALOG_COMPILER_APPICON_NAME = AppIcon;
				ASSETCATALOG_COMPILER_GLOBAL_ACCENT_COLOR_NAME = AccentColor;
				CODE_SIGN_STYLE = Automatic;
				CURRENT_PROJECT_VERSION = 1;
				DEVELOPMENT_TEAM = U2MLQ7B528;
				GENERATE_INFOPLIST_FILE = YES;
				INFOPLIST_FILE = HWDecoderTest/Info.plist;
				INFOPLIST_KEY_UIApplicationSupportsIndirectInputEvents = YES;
				INFOPLIST_KEY_UILaunchStoryboardName = LaunchScreen;
				INFOPLIST_KEY_UIMainStoryboardFile = Main;
				INFOPLIST_KEY_UISupportedInterfaceOrientations_iPad = "UIInterfaceOrientationPortrait UIInterfaceOrientationPortraitUpsideDown UIInterfaceOrientationLandscapeLeft UIInterfaceOrientationLandscapeRight";
				INFOPLIST_KEY_UISupportedInterfaceOrientations_iPhone = "UIInterfaceOrientationPortrait UIInterfaceOrientationLandscapeLeft UIInterfaceOrientationLandscapeRight";
				LD_RUNPATH_SEARCH_PATHS = (
					"$(inherited)",
					"@executable_path/Frameworks",
				);
				MARKETING_VERSION = 1.0;
				PRODUCT_BUNDLE_IDENTIFIER = my.local.abhijeet.hwdecodertest.HWDecoderTest;
				PRODUCT_NAME = "$(TARGET_NAME)";
				SWIFT_EMIT_LOC_STRINGS = YES;
				TARGETED_DEVICE_FAMILY = "1,2";
			};
			name = Release;
		};
/* End XCBuildConfiguration section */

/* Begin XCConfigurationList section */
		3982CAA72A3B1E5B00852C21 /* Build configuration list for PBXProject "HWDecoderTest" */ = {
			isa = XCConfigurationList;
			buildConfigurations = (
				3982CAC32A3B1E5C00852C21 /* Debug */,
				3982CAC42A3B1E5C00852C21 /* Release */,
			);
			defaultConfigurationIsVisible = 0;
			defaultConfigurationName = Release;
		};
		3982CAC52A3B1E5C00852C21 /* Build configuration list for PBXNativeTarget "HWDecoderTest" */ = {
			isa = XCConfigurationList;
			buildConfigurations = (
				3982CAC62A3B1E5C00852C21 /* Debug */,
				3982CAC72A3B1E5C00852C21 /* Release */,
			);
			defaultConfigurationIsVisible = 0;
			defaultConfigurationName = Release;
		};
/* End XCConfigurationList section */
	};
	rootObject = 3982CAA42A3B1E5B00852C21 /* Project object */;
}
